# This file was autogenerated by uv via the following command:
#    uv pip compile requirements.txt -o requirements.lock
annotated-doc==0.0.5
    # via fastapi
annotated-types==0.8.0
    # via pydantic
anyio==4.15.1
    # via
    #   httpx
    #   starlette
certifi==2026.7.22
    # via
    #   httpcore
    #   httpx
charset-normalizer==3.5.1
    # via reportlab
click==8.5.0
    # via uvicorn
et-xmlfile==2.0.0
    # via openpyxl
fastapi==0.141.1
    # via -r requirements.txt
h11==0.16.0
    # via
    #   httpcore
    #   uvicorn
httpcore==1.0.9
    # via httpx
httpx==0.28.1
    # via -r requirements.txt
idna==3.19
    # via
    #   anyio
    #   httpx
iniconfig==2.3.0
    # via pytest
lxml==6.1.3
    # via python-docx
markdown-it-py==3.0.0
    # via -r requirements.txt
mdurl==0.1.2
    # via markdown-it-py
openpyxl==3.1.5
    # via -r requirements.txt
packaging==26.3
    # via pytest
pillow==12.3.0
    # via reportlab
pluggy==1.6.0
    # via pytest
pydantic==2.11.7
    # via
    #   -r requirements.txt
    #   fastapi
pydantic-core==2.33.2
    # via pydantic
pygments==2.21.0
    # via pytest
pytest==9.0.3
    # via -r requirements.txt
python-docx==1.2.0
    # via -r requirements.txt
reportlab==4.4.2
    # via -r requirements.txt
starlette==1.3.1
    # via
    #   -r requirements.txt
    #   fastapi
typing-extensions==4.16.0
    # via
    #   anyio
    #   fastapi
    #   pydantic
    #   pydantic-core
    #   python-docx
    #   starlette
    #   typing-inspection
typing-inspection==0.4.4
    # via
    #   fastapi
    #   pydantic
uvicorn==0.34.3
    # via -r requirements.txt
